# This file was autogenerated by uv via the following command:
#    uv pip compile docker/grader-worker/requirements.in --output-file docker/grader-worker/requirements.lock --generate-hashes --python-version 3.10 --python-platform x86_64-manylinux_2_17 --only-binary :all: --no-annotate
antlr4-python3-runtime==4.13.2 \
    --hash=sha256:909b647e1d2fc2b70180ac586df3933e38919c85f98ccc656a96cd3f25ef3916 \
    --hash=sha256:fe3835eb8d33daece0e799090eda89719dbccee7aa39ef94eed3818cafa5a7e8
latex2sympy2-extended==1.11.0 \
    --hash=sha256:9695657c81b50abba2636638638618db59f4663ed2a4a12d62cef74a40e28fec \
    --hash=sha256:aebb77d52ce269e25028e4bea89ddb14d242ba36bcf7b636496fb5fd9728d234
math-verify==0.9.0 \
    --hash=sha256:3703e7c4885354027fa84409d762a596a2906d1fd4deb78361876bd905a76194 \
    --hash=sha256:45ac6c61344ba056b9e99a660a4bc8d044ed408f730aed68c60435aa5eec4645
mpmath==1.3.0 \
    --hash=sha256:7a28eb2a9774d00c7bc92411c19a89209d5da7c4c9a9e227be8330a23a25b91f \
    --hash=sha256:a0b2b9fe80bbcd81a6647ff13108738cfb482d481d826cc0e02f5b35e5c88d2c
sympy==1.14.0 \
    --hash=sha256:d3d3fe8df1e5a0b42f0e7bdf50541697dbe7d23746e894990c030e2b05e72517 \
    --hash=sha256:e091cc3e99d2141a0ba2847328f5479b05d94a6635cb96148ccb3f34671bd8f5
